version: 2.0
shards:
  compiled_license:
    git: https://github.com/elorest/compiled_license.git
    version: 1.2.2

  gettext:
    git: https://github.com/geopjr/gettext.cr.git
    version: 1.0.0

  gi-crystal:
    git: https://github.com/hugopl/gi-crystal.git
    version: 0.13.1

  gtk4:
    git: https://github.com/hugopl/gtk4.cr.git
    version: 0.11.1

  libadwaita:
    git: https://github.com/geopjr/libadwaita.cr.git
    version: 1.0.0+git.commit.b427ad9172450095087ea1a456d554fe528624e0

  non-blocking-spawn:
    git: https://github.com/geopjr/non-blocking-spawn.git
    version: 1.0.2

  version_from_shard:
    git: https://github.com/hugopl/version_from_shard.git
    version: 1.2.5

