lockfileVersion: 5.3

specifiers:
  x2js: ^3.4.1

dependencies:
  x2js: 3.4.1

packages:

  /x2js/3.4.1:
    resolution: {integrity: sha512-RCMEmHNsyeyzF5NyGHbmCCZU9N8uMiz9FluAj3CpfVREHpgm3JB9Wr/dEWdPqGHmK3lRd2fm0ccOWtuJ2YUowQ==}
    dependencies:
      xmldom: 0.5.0
    dev: false

  /xmldom/0.5.0:
    resolution: {integrity: sha512-Foaj5FXVzgn7xFzsKeNIde9g6aFBxTPi37iwsno8QvApmtg7KYrr+OPyRHcJF7dud2a5nGRBXK3n0dL62Gf7PA==}
    engines: {node: '>=10.0.0'}
    dev: false
